// !$*UTF8*$!
{
	archiveVersion = 1;
	classes = {
	};
	objectVersion = 50;
	objects = {

/* Begin PBXBuildFile section */
		26A48FE223BFD9C100796299 /* AppDelegate.swift in Sources */ = {isa = PBXBuildFile; fileRef = 26A48FE123BFD9C100796299 /* AppDelegate.swift */; };
		26A48FE423BFD9C100796299 /* SceneDelegate.swift in Sources */ = {isa = PBXBuildFile; fileRef = 26A48FE323BFD9C100796299 /* SceneDelegate.swift */; };
		26A48FE623BFD9C200796299 /* ViewController.swift in Sources */ = {isa = PBXBuildFile; fileRef = 26A48FE523BFD9C200796299 /* ViewController.swift */; };
		26A48FE923BFD9C200796299 /* Main.storyboard in Resources */ = {isa = PBXBuildFile; fileRef = 26A48FE723BFD9C200796299 /* Main.storyboard */; };
		26A48FEB23BFD9C300796299 /* Assets.xcassets in Resources */ = {isa = PBXBuildFile; fileRef = 26A48FEA23BFD9C300796299 /* Assets.xcassets */; };
		26A48FEE23BFD9C300796299 /* LaunchScreen.storyboard in Resources */ = {isa = PBXBuildFile; fileRef = 26A48FEC23BFD9C300796299 /* LaunchScreen.storyboard */; };
		26A48FF923BFD9C300796299 /* I_Am_RichTests.swift in Sources */ = {isa = PBXBuildFile; fileRef = 26A48FF823BFD9C300796299 /* I_Am_RichTests.swift */; };
		26A4900423BFD9C400796299 /* I_Am_RichUITests.swift in Sources */ = {isa = PBXBuildFile; fileRef = 26A4900323BFD9C400796299 /* I_Am_RichUITests.swift */; };
/* End PBXBuildFile section */

/* Begin PBXContainerItemProxy section */
		26A48FF523BFD9C300796299 /* PBXContainerItemProxy */ = {
			isa = PBXContainerItemProxy;
			containerPortal = 26A48FD623BFD9C100796299 /* Project object */;
			proxyType = 1;
			remoteGlobalIDString = 26A48FDD23BFD9C100796299;
			remoteInfo = "I Am Rich";
		};
		26A4900023BFD9C400796299 /* PBXContainerItemProxy */ = {
			isa = PBXContainerItemProxy;
			containerPortal = 26A48FD623BFD9C100796299 /* Project object */;
			proxyType = 1;
			remoteGlobalIDString = 26A48FDD23BFD9C100796299;
			remoteInfo = "I Am Rich";
		};
/* End PBXContainerItemProxy section */

/* Begin PBXFileReference section */
		26A48FDE23BFD9C100796299 /* I Am Rich.app */ = {isa = PBXFileReference; explicitFileType = wrapper.application; includeInIndex = 0; path = "I Am Rich.app"; sourceTree = BUILT_PRODUCTS_DIR; };
		26A48FE123BFD9C100796299 /* AppDelegate.swift */ = {isa = PBXFileReference; lastKnownFileType = sourcecode.swift; path = AppDelegate.swift; sourceTree = "<group>"; };
		26A48FE323BFD9C100796299 /* SceneDelegate.swift */ = {isa = PBXFileReference; lastKnownFileType = sourcecode.swift; path = SceneDelegate.swift; sourceTree = "<group>"; };
		26A48FE523BFD9C200796299 /* ViewController.swift */ = {isa = PBXFileReference; lastKnownFileType = sourcecode.swift; path = ViewController.swift; sourceTree = "<group>"; };
		26A48FE823BFD9C200796299 /* Base */ = {isa = PBXFileReference; lastKnownFileType = file.storyboard; name = Base; path = Base.lproj/Main.storyboard; sourceTree = "<group>"; };
		26A48FEA23BFD9C300796299 /* Assets.xcassets */ = {isa = PBXFileReference; lastKnownFileType = folder.assetcatalog; path = Assets.xcassets; sourceTree = "<group>"; };
		26A48FED23BFD9C300796299 /* Base */ = {isa = PBXFileReference; lastKnownFileType = file.storyboard; name = Base; path = Base.lproj/LaunchScreen.storyboard; sourceTree = "<group>"; };
		26A48FEF23BFD9C300796299 /* Info.plist */ = {isa = PBXFileReference; lastKnownFileType = text.plist.xml; path = Info.plist; sourceTree = "<group>"; };
		26A48FF423BFD9C300796299 /* I Am RichTests.xctest */ = {isa = PBXFileReference; explicitFileType = wrapper.cfbundle; includeInIndex = 0; path = "I Am RichTests.xctest"; sourceTree = BUILT_PRODUCTS_DIR; };
		26A48FF823BFD9C300796299 /* I_Am_RichTests.swift */ = {isa = PBXFileReference; lastKnownFileType = sourcecode.swift; path = I_Am_RichTests.swift; sourceTree = "<group>"; };
		26A48FFA23BFD9C300796299 /* Info.plist */ = {isa = PBXFileReference; lastKnownFileType = text.plist.xml; path = Info.plist; sourceTree = "<group>"; };
		26A48FFF23BFD9C300796299 /* I Am RichUITests.xctest */ = {isa = PBXFileReference; explicitFileType = wrapper.cfbundle; includeInIndex = 0; path = "I Am RichUITests.xctest"; sourceTree = BUILT_PRODUCTS_DIR; };
		26A4900323BFD9C400796299 /* I_Am_RichUITests.swift */ = {isa = PBXFileReference; lastKnownFileType = sourcecode.swift; path = I_Am_RichUITests.swift; sourceTree = "<group>"; };
		26A4900523BFD9C400796299 /* Info.plist */ = {isa = PBXFileReference; lastKnownFileType = text.plist.xml; path = Info.plist; sourceTree = "<group>"; };
/* End PBXFileReference section */

/* Begin PBXFrameworksBuildPhase section */
		26A48FDB23BFD9C100796299 /* Frameworks */ = {
			isa = PBXFrameworksBuildPhase;
			buildActionMask = 2147483647;
			files = (
			);
			runOnlyForDeploymentPostprocessing = 0;
		};
		26A48FF123BFD9C300796299 /* Frameworks */ = {
			isa = PBXFrameworksBuildPhase;
			buildActionMask = 2147483647;
			files = (
			);
			runOnlyForDeploymentPostprocessing = 0;
		};
		26A48FFC23BFD9C300796299 /* Frameworks */ = {
			isa = PBXFrameworksBuildPhase;
			buildActionMask = 2147483647;
			files = (
			);
			runOnlyForDeploymentPostprocessing = 0;
		};
/* End PBXFrameworksBuildPhase section */

/* Begin PBXGroup section */
		26A48FD523BFD9C100796299 = {
			isa = PBXGroup;
			children = (
				26A48FE023BFD9C100796299 /* I Am Rich */,
				26A48FF723BFD9C300796299 /* I Am RichTests */,
				26A4900223BFD9C400796299 /* I Am RichUITests */,
				26A48FDF23BFD9C100796299 /* Products */,
			);
			sourceTree = "<group>";
		};
		26A48FDF23BFD9C100796299 /* Products */ = {
			isa = PBXGroup;
			children = (
				26A48FDE23BFD9C100796299 /* I Am Rich.app */,
				26A48FF423BFD9C300796299 /* I Am RichTests.xctest */,
				26A48FFF23BFD9C300796299 /* I Am RichUITests.xctest */,
			);
			name = Products;
			sourceTree = "<group>";
		};
		26A48FE023BFD9C100796299 /* I Am Rich */ = {
			isa = PBXGroup;
			children = (
				26A48FE123BFD9C100796299 /* AppDelegate.swift */,
				26A48FE323BFD9C100796299 /* SceneDelegate.swift */,
				26A48FE523BFD9C200796299 /* ViewController.swift */,
				26A48FE723BFD9C200796299 /* Main.storyboard */,
				26A48FEA23BFD9C300796299 /* Assets.xcassets */,
				26A48FEC23BFD9C300796299 /* LaunchScreen.storyboard */,
				26A48FEF23BFD9C300796299 /* Info.plist */,
			);
			path = "I Am Rich";
			sourceTree = "<group>";
		};
		26A48FF723BFD9C300796299 /* I Am RichTests */ = {
			isa = PBXGroup;
			children = (
				26A48FF823BFD9C300796299 /* I_Am_RichTests.swift */,
				26A48FFA23BFD9C300796299 /* Info.plist */,
			);
			path = "I Am RichTests";
			sourceTree = "<group>";
		};
		26A4900223BFD9C400796299 /* I Am RichUITests */ = {
			isa = PBXGroup;
			children = (
				26A4900323BFD9C400796299 /* I_Am_RichUITests.swift */,
				26A4900523BFD9C400796299 /* Info.plist */,
			);
			path = "I Am RichUITests";
			sourceTree = "<group>";
		};
/* End PBXGroup section */

/* Begin PBXNativeTarget section */
		26A48FDD23BFD9C100796299 /* I Am Rich */ = {
			isa = PBXNativeTarget;
			buildConfigurationList = 26A4900823BFD9C400796299 /* Build configuration list for PBXNativeTarget "I Am Rich" */;
			buildPhases = (
				26A48FDA23BFD9C100796299 /* Sources */,
				26A48FDB23BFD9C100796299 /* Frameworks */,
				26A48FDC23BFD9C100796299 /* Resources */,
			);
			buildRules = (
			);
			dependencies = (
			);
			name = "I Am Rich";
			productName = "I Am Rich";
			productReference = 26A48FDE23BFD9C100796299 /* I Am Rich.app */;
			productType = "com.apple.product-type.application";
		};
		26A48FF323BFD9C300796299 /* I Am RichTests */ = {
			isa = PBXNativeTarget;
			buildConfigurationList = 26A4900B23BFD9C400796299 /* Build configuration list for PBXNativeTarget "I Am RichTests" */;
			buildPhases = (
				26A48FF023BFD9C300796299 /* Sources */,
				26A48FF123BFD9C300796299 /* Frameworks */,
				26A48FF223BFD9C300796299 /* Resources */,
			);
			buildRules = (
			);
			dependencies = (
				26A48FF623BFD9C300796299 /* PBXTargetDependency */,
			);
			name = "I Am RichTests";
			productName = "I Am RichTests";
			productReference = 26A48FF423BFD9C300796299 /* I Am RichTests.xctest */;
			productType = "com.apple.product-type.bundle.unit-test";
		};
		26A48FFE23BFD9C300796299 /* I Am RichUITests */ = {
			isa = PBXNativeTarget;
			buildConfigurationList = 26A4900E23BFD9C400796299 /* Build configuration list for PBXNativeTarget "I Am RichUITests" */;
			buildPhases = (
				26A48FFB23BFD9C300796299 /* Sources */,
				26A48FFC23BFD9C300796299 /* Frameworks */,
				26A48FFD23BFD9C300796299 /* Resources */,
			);
			buildRules = (
			);
			dependencies = (
				26A4900123BFD9C400796299 /* PBXTargetDependency */,
			);
			name = "I Am RichUITests";
			productName = "I Am RichUITests";
			productReference = 26A48FFF23BFD9C300796299 /* I Am RichUITests.xctest */;
			productType = "com.apple.product-type.bundle.ui-testing";
		};
/* End PBXNativeTarget section */

/* Begin PBXProject section */
		26A48FD623BFD9C100796299 /* Project object */ = {
			isa = PBXProject;
			attributes = {
				LastSwiftUpdateCheck = 1130;
				LastUpgradeCheck = 1130;
				ORGANIZATIONNAME = "Austin Meyer";
				TargetAttributes = {
					26A48FDD23BFD9C100796299 = {
						CreatedOnToolsVersion = 11.3;
					};
					26A48FF323BFD9C300796299 = {
						CreatedOnToolsVersion = 11.3;
						TestTargetID = 26A48FDD23BFD9C100796299;
					};
					26A48FFE23BFD9C300796299 = {
						CreatedOnToolsVersion = 11.3;
						TestTargetID = 26A48FDD23BFD9C100796299;
					};
				};
			};
			buildConfigurationList = 26A48FD923BFD9C100796299 /* Build configuration list for PBXProject "I Am Rich" */;
			compatibilityVersion = "Xcode 9.3";
			developmentRegion = en;
			hasScannedForEncodings = 0;
			knownRegions = (
				en,
				Base,
			);
			mainGroup = 26A48FD523BFD9C100796299;
			productRefGroup = 26A48FDF23BFD9C100796299 /* Products */;
			projectDirPath = "";
			projectRoot = "";
			targets = (
				26A48FDD23BFD9C100796299 /* I Am Rich */,
				26A48FF323BFD9C300796299 /* I Am RichTests */,
				26A48FFE23BFD9C300796299 /* I Am RichUITests */,
			);
		};
/* End PBXProject section */

/* Begin PBXResourcesBuildPhase section */
		26A48FDC23BFD9C100796299 /* Resources */ = {
			isa = PBXResourcesBuildPhase;
			buildActionMask = 2147483647;
			files = (
				26A48FEE23BFD9C300796299 /* LaunchScreen.storyboard in Resources */,
				26A48FEB23BFD9C300796299 /* Assets.xcassets in Resources */,
				26A48FE923BFD9C200796299 /* Main.storyboard in Resources */,
			);
			runOnlyForDeploymentPostprocessing = 0;
		};
		26A48FF223BFD9C300796299 /* Resources */ = {
			isa = PBXResourcesBuildPhase;
			buildActionMask = 2147483647;
			files = (
			);
			runOnlyForDeploymentPostprocessing = 0;
		};
		26A48FFD23BFD9C300796299 /* Resources */ = {
			isa = PBXResourcesBuildPhase;
			buildActionMask = 2147483647;
			files = (
			);
			runOnlyForDeploymentPostprocessing = 0;
		};
/* End PBXResourcesBuildPhase section */

/* Begin PBXSourcesBuildPhase section */
		26A48FDA23BFD9C100796299 /* Sources */ = {
			isa = PBXSourcesBuildPhase;
			buildActionMask = 2147483647;
			files = (
				26A48FE623BFD9C200796299 /* ViewController.swift in Sources */,
				26A48FE223BFD9C100796299 /* AppDelegate.swift in Sources */,
				26A48FE423BFD9C100796299 /* SceneDelegate.swift in Sources */,
			);
			runOnlyForDeploymentPostprocessing = 0;
		};
		26A48FF023BFD9C300796299 /* Sources */ = {
			isa = PBXSourcesBuildPhase;
			buildActionMask = 2147483647;
			files = (
				26A48FF923BFD9C300796299 /* I_Am_RichTests.swift in Sources */,
			);
			runOnlyForDeploymentPostprocessing = 0;
		};
		26A48FFB23BFD9C300796299 /* Sources */ = {
			isa = PBXSourcesBuildPhase;
			buildActionMask = 2147483647;
			files = (
				26A4900423BFD9C400796299 /* I_Am_RichUITests.swift in Sources */,
			);
			runOnlyForDeploymentPostprocessing = 0;
		};
/* End PBXSourcesBuildPhase section */

/* Begin PBXTargetDependency section */
		26A48FF623BFD9C300796299 /* PBXTargetDependency */ = {
			isa = PBXTargetDependency;
			target = 26A48FDD23BFD9C100796299 /* I Am Rich */;
			targetProxy = 26A48FF523BFD9C300796299 /* PBXContainerItemProxy */;
		};
		26A4900123BFD9C400796299 /* PBXTargetDependency */ = {
			isa = PBXTargetDependency;
			target = 26A48FDD23BFD9C100796299 /* I Am Rich */;
			targetProxy = 26A4900023BFD9C400796299 /* PBXContainerItemProxy */;
		};
/* End PBXTargetDependency section */

/* Begin PBXVariantGroup section */
		26A48FE723BFD9C200796299 /* Main.storyboard */ = {
			isa = PBXVariantGroup;
			children = (
				26A48FE823BFD9C200796299 /* Base */,
			);
			name = Main.storyboard;
			sourceTree = "<group>";
		};
		26A48FEC23BFD9C300796299 /* LaunchScreen.storyboard */ = {
			isa = PBXVariantGroup;
			children = (
				26A48FED23BFD9C300796299 /* Base */,
			);
			name = LaunchScreen.storyboard;
			sourceTree = "<group>";
		};
/* End PBXVariantGroup section */

/* Begin XCBuildConfiguration section */
		26A4900623BFD9C400796299 /* Debug */ = {
			isa = XCBuildConfiguration;
			buildSettings = {
				ALWAYS_SEARCH_USER_PATHS = NO;
				CLANG_ANALYZER_NONNULL = YES;
				CLANG_ANALYZER_NUMBER_OBJECT_CONVERSION = YES_AGGRESSIVE;
				CLANG_CXX_LANGUAGE_STANDARD = "gnu++14";
				CLANG_CXX_LIBRARY = "libc++";
				CLANG_ENABLE_MODULES = YES;
				CLANG_ENABLE_OBJC_ARC = YES;
				CLANG_ENABLE_OBJC_WEAK = YES;
				CLANG_WARN_BLOCK_CAPTURE_AUTORELEASING = YES;
				CLANG_WARN_BOOL_CONVERSION = YES;
				CLANG_WARN_COMMA = YES;
				CLANG_WARN_CONSTANT_CONVERSION = YES;
				CLANG_WARN_DEPRECATED_OBJC_IMPLEMENTATIONS = YES;
				CLANG_WARN_DIRECT_OBJC_ISA_USAGE = YES_ERROR;
				CLANG_WARN_DOCUMENTATION_COMMENTS = YES;
				CLANG_WARN_EMPTY_BODY = YES;
				CLANG_WARN_ENUM_CONVERSION = YES;
				CLANG_WARN_INFINITE_RECURSION = YES;
				CLANG_WARN_INT_CONVERSION = YES;
				CLANG_WARN_NON_LITERAL_NULL_CONVERSION = YES;
				CLANG_WARN_OBJC_IMPLICIT_RETAIN_SELF = YES;
				CLANG_WARN_OBJC_LITERAL_CONVERSION = YES;
				CLANG_WARN_OBJC_ROOT_CLASS = YES_ERROR;
				CLANG_WARN_RANGE_LOOP_ANALYSIS = YES;
				CLANG_WARN_STRICT_PROTOTYPES = YES;
				CLANG_WARN_SUSPICIOUS_MOVE = YES;
				CLANG_WARN_UNGUARDED_AVAILABILITY = YES_AGGRESSIVE;
				CLANG_WARN_UNREACHABLE_CODE = YES;
				CLANG_WARN__DUPLICATE_METHOD_MATCH = YES;
				COPY_PHASE_STRIP = NO;
				DEBUG_INFORMATION_FORMAT = dwarf;
				ENABLE_STRICT_OBJC_MSGSEND = YES;
				ENABLE_TESTABILITY = YES;
				GCC_C_LANGUAGE_STANDARD = gnu11;
				GCC_DYNAMIC_NO_PIC = NO;
				GCC_NO_COMMON_BLOCKS = YES;
				GCC_OPTIMIZATION_LEVEL = 0;
				GCC_PREPROCESSOR_DEFINITIONS = (
					"DEBUG=1",
					"$(inherited)",
				);
				GCC_WARN_64_TO_32_BIT_CONVERSION = YES;
				GCC_WARN_ABOUT_RETURN_TYPE = YES_ERROR;
				GCC_WARN_UNDECLARED_SELECTOR = YES;
				GCC_WARN_UNINITIALIZED_AUTOS = YES_AGGRESSIVE;
				GCC_WARN_UNUSED_FUNCTION = YES;
				GCC_WARN_UNUSED_VARIABLE = YES;
				IPHONEOS_DEPLOYMENT_TARGET = 13.2;
				MTL_ENABLE_DEBUG_INFO = INCLUDE_SOURCE;
				MTL_FAST_MATH = YES;
				ONLY_ACTIVE_ARCH = YES;
				SDKROOT = iphoneos;
				SWIFT_ACTIVE_COMPILATION_CONDITIONS = DEBUG;
				SWIFT_OPTIMIZATION_LEVEL = "-Onone";
			};
			name = Debug;
		};
		26A4900723BFD9C400796299 /* Release */ = {
			isa = XCBuildConfiguration;
			buildSettings = {
				ALWAYS_SEARCH_USER_PATHS = NO;
				CLANG_ANALYZER_NONNULL = YES;
				CLANG_ANALYZER_NUMBER_OBJECT_CONVERSION = YES_AGGRESSIVE;
				CLANG_CXX_LANGUAGE_STANDARD = "gnu++14";
				CLANG_CXX_LIBRARY = "libc++";
				CLANG_ENABLE_MODULES = YES;
				CLANG_ENABLE_OBJC_ARC = YES;
				CLANG_ENABLE_OBJC_WEAK = YES;
				CLANG_WARN_BLOCK_CAPTURE_AUTORELEASING = YES;
				CLANG_WARN_BOOL_CONVERSION = YES;
				CLANG_WARN_COMMA = YES;
				CLANG_WARN_CONSTANT_CONVERSION = YES;
				CLANG_WARN_DEPRECATED_OBJC_IMPLEMENTATIONS = YES;
				CLANG_WARN_DIRECT_OBJC_ISA_USAGE = YES_ERROR;
				CLANG_WARN_DOCUMENTATION_COMMENTS = YES;
				CLANG_WARN_EMPTY_BODY = YES;
				CLANG_WARN_ENUM_CONVERSION = YES;
				CLANG_WARN_INFINITE_RECURSION = YES;
				CLANG_WARN_INT_CONVERSION = YES;
				CLANG_WARN_NON_LITERAL_NULL_CONVERSION = YES;
				CLANG_WARN_OBJC_IMPLICIT_RETAIN_SELF = YES;
				CLANG_WARN_OBJC_LITERAL_CONVERSION = YES;
				CLANG_WARN_OBJC_ROOT_CLASS = YES_ERROR;
				CLANG_WARN_RANGE_LOOP_ANALYSIS = YES;
				CLANG_WARN_STRICT_PROTOTYPES = YES;
				CLANG_WARN_SUSPICIOUS_MOVE = YES;
				CLANG_WARN_UNGUARDED_AVAILABILITY = YES_AGGRESSIVE;
				CLANG_WARN_UNREACHABLE_CODE = YES;
				CLANG_WARN__DUPLICATE_METHOD_MATCH = YES;
				COPY_PHASE_STRIP = NO;
				DEBUG_INFORMATION_FORMAT = "dwarf-with-dsym";
				ENABLE_NS_ASSERTIONS = NO;
				ENABLE_STRICT_OBJC_MSGSEND = YES;
				GCC_C_LANGUAGE_STANDARD = gnu11;
				GCC_NO_COMMON_BLOCKS = YES;
				GCC_WARN_64_TO_32_BIT_CONVERSION = YES;
				GCC_WARN_ABOUT_RETURN_TYPE = YES_ERROR;
				GCC_WARN_UNDECLARED_SELECTOR = YES;
				GCC_WARN_UNINITIALIZED_AUTOS = YES_AGGRESSIVE;
				GCC_WARN_UNUSED_FUNCTION = YES;
				GCC_WARN_UNUSED_VARIABLE = YES;
				IPHONEOS_DEPLOYMENT_TARGET = 13.2;
				MTL_ENABLE_DEBUG_INFO = NO;
				MTL_FAST_MATH = YES;
				SDKROOT = iphoneos;
				SWIFT_COMPILATION_MODE = wholemodule;
				SWIFT_OPTIMIZATION_LEVEL = "-O";
				VALIDATE_PRODUCT = YES;
			};
			name = Release;
		};
		26A4900923BFD9C400796299 /* Debug */ = {
			isa = XCBuildConfiguration;
			buildSettings = {
				ASSETCATALOG_COMPILER_APPICON_NAME = AppIcon;
				CODE_SIGN_STYLE = Automatic;
				DEVELOPMENT_TEAM = 3P59VN3UQ4;
				INFOPLIST_FILE = "I Am Rich/Info.plist";
				LD_RUNPATH_SEARCH_PATHS = (
					"$(inherited)",
					"@executable_path/Frameworks",
				);
				PRODUCT_BUNDLE_IDENTIFIER = "com.Austin.Meyer.I-Am-Rich";
				PRODUCT_NAME = "$(TARGET_NAME)";
				SWIFT_VERSION = 5.0;
				TARGETED_DEVICE_FAMILY = "1,2";
			};
			name = Debug;
		};
		26A4900A23BFD9C400796299 /* Release */ = {
			isa = XCBuildConfiguration;
			buildSettings = {
				ASSETCATALOG_COMPILER_APPICON_NAME = AppIcon;
				CODE_SIGN_STYLE = Automatic;
				DEVELOPMENT_TEAM = 3P59VN3UQ4;
				INFOPLIST_FILE = "I Am Rich/Info.plist";
				LD_RUNPATH_SEARCH_PATHS = (
					"$(inherited)",
					"@executable_path/Frameworks",
				);
				PRODUCT_BUNDLE_IDENTIFIER = "com.Austin.Meyer.I-Am-Rich";
				PRODUCT_NAME = "$(TARGET_NAME)";
				SWIFT_VERSION = 5.0;
				TARGETED_DEVICE_FAMILY = "1,2";
			};
			name = Release;
		};
		26A4900C23BFD9C400796299 /* Debug */ = {
			isa = XCBuildConfiguration;
			buildSettings = {
				ALWAYS_EMBED_SWIFT_STANDARD_LIBRARIES = YES;
				BUNDLE_LOADER = "$(TEST_HOST)";
				CODE_SIGN_STYLE = Automatic;
				DEVELOPMENT_TEAM = 3P59VN3UQ4;
				INFOPLIST_FILE = "I Am RichTests/Info.plist";
				IPHONEOS_DEPLOYMENT_TARGET = 13.2;
				LD_RUNPATH_SEARCH_PATHS = (
					"$(inherited)",
					"@executable_path/Frameworks",
					"@loader_path/Frameworks",
				);
				PRODUCT_BUNDLE_IDENTIFIER = "com.Austin.Meyer.I-Am-RichTests";
				PRODUCT_NAME = "$(TARGET_NAME)";
				SWIFT_VERSION = 5.0;
				TARGETED_DEVICE_FAMILY = "1,2";
				TEST_HOST = "$(BUILT_PRODUCTS_DIR)/I Am Rich.app/I Am Rich";
			};
			name = Debug;
		};
		26A4900D23BFD9C400796299 /* Release */ = {
			isa = XCBuildConfiguration;
			buildSettings = {
				ALWAYS_EMBED_SWIFT_STANDARD_LIBRARIES = YES;
				BUNDLE_LOADER = "$(TEST_HOST)";
				CODE_SIGN_STYLE = Automatic;
				DEVELOPMENT_TEAM = 3P59VN3UQ4;
				INFOPLIST_FILE = "I Am RichTests/Info.plist";
				IPHONEOS_DEPLOYMENT_TARGET = 13.2;
				LD_RUNPATH_SEARCH_PATHS = (
					"$(inherited)",
					"@executable_path/Frameworks",
					"@loader_path/Frameworks",
				);
				PRODUCT_BUNDLE_IDENTIFIER = "com.Austin.Meyer.I-Am-RichTests";
				PRODUCT_NAME = "$(TARGET_NAME)";
				SWIFT_VERSION = 5.0;
				TARGETED_DEVICE_FAMILY = "1,2";
				TEST_HOST = "$(BUILT_PRODUCTS_DIR)/I Am Rich.app/I Am Rich";
			};
			name = Release;
		};
		26A4900F23BFD9C400796299 /* Debug */ = {
			isa = XCBuildConfiguration;
			buildSettings = {
				ALWAYS_EMBED_SWIFT_STANDARD_LIBRARIES = YES;
				CODE_SIGN_STYLE = Automatic;
				DEVELOPMENT_TEAM = 3P59VN3UQ4;
				INFOPLIST_FILE = "I Am RichUITests/Info.plist";
				LD_RUNPATH_SEARCH_PATHS = (
					"$(inherited)",
					"@executable_path/Frameworks",
					"@loader_path/Frameworks",
				);
				PRODUCT_BUNDLE_IDENTIFIER = "com.Austin.Meyer.I-Am-RichUITests";
				PRODUCT_NAME = "$(TARGET_NAME)";
				SWIFT_VERSION = 5.0;
				TARGETED_DEVICE_FAMILY = "1,2";
				TEST_TARGET_NAME = "I Am Rich";
			};
			name = Debug;
		};
		26A4901023BFD9C400796299 /* Release */ = {
			isa = XCBuildConfiguration;
			buildSettings = {
				ALWAYS_EMBED_SWIFT_STANDARD_LIBRARIES = YES;
				CODE_SIGN_STYLE = Automatic;
				DEVELOPMENT_TEAM = 3P59VN3UQ4;
				INFOPLIST_FILE = "I Am RichUITests/Info.plist";
				LD_RUNPATH_SEARCH_PATHS = (
					"$(inherited)",
					"@executable_path/Frameworks",
					"@loader_path/Frameworks",
				);
				PRODUCT_BUNDLE_IDENTIFIER = "com.Austin.Meyer.I-Am-RichUITests";
				PRODUCT_NAME = "$(TARGET_NAME)";
				SWIFT_VERSION = 5.0;
				TARGETED_DEVICE_FAMILY = "1,2";
				TEST_TARGET_NAME = "I Am Rich";
			};
			name = Release;
		};
/* End XCBuildConfiguration section */

/* Begin XCConfigurationList section */
		26A48FD923BFD9C100796299 /* Build configuration list for PBXProject "I Am Rich" */ = {
			isa = XCConfigurationList;
			buildConfigurations = (
				26A4900623BFD9C400796299 /* Debug */,
				26A4900723BFD9C400796299 /* Release */,
			);
			defaultConfigurationIsVisible = 0;
			defaultConfigurationName = Release;
		};
		26A4900823BFD9C400796299 /* Build configuration list for PBXNativeTarget "I Am Rich" */ = {
			isa = XCConfigurationList;
			buildConfigurations = (
				26A4900923BFD9C400796299 /* Debug */,
				26A4900A23BFD9C400796299 /* Release */,
			);
			defaultConfigurationIsVisible = 0;
			defaultConfigurationName = Release;
		};
		26A4900B23BFD9C400796299 /* Build configuration list for PBXNativeTarget "I Am RichTests" */ = {
			isa = XCConfigurationList;
			buildConfigurations = (
				26A4900C23BFD9C400796299 /* Debug */,
				26A4900D23BFD9C400796299 /* Release */,
			);
			defaultConfigurationIsVisible = 0;
			defaultConfigurationName = Release;
		};
		26A4900E23BFD9C400796299 /* Build configuration list for PBXNativeTarget "I Am RichUITests" */ = {
			isa = XCConfigurationList;
			buildConfigurations = (
				26A4900F23BFD9C400796299 /* Debug */,
				26A4901023BFD9C400796299 /* Release */,
			);
			defaultConfigurationIsVisible = 0;
			defaultConfigurationName = Release;
		};
/* End XCConfigurationList section */
	};
	rootObject = 26A48FD623BFD9C100796299 /* Project object */;
}
